
Microsoft Visual Studio Solution File, Format Version 12.00
# Visual Studio Version 16
VisualStudioVersion = 16.0.29905.134
MinimumVisualStudioVersion = 10.0.40219.1
Project("{FAE04EC0-301F-11D3-BF4B-00C04F79EFBC}") = "Exchange", "Exchange\Exchange.csproj", "{0C18A9E5-A820-46A2-B952-99ECC8983FE2}"
EndProject
Project("{2150E333-8FDC-42A3-9474-1A3956D46DE8}") = "Entity", "Entity", "{9C1F096E-FCE2-4114-B1F5-8431DC2F2B87}"
EndProject
Project("{FAE04EC0-301F-11D3-BF4B-00C04F79EFBC}") = "ExchangeEntityApi", "ExchangeEntityApi\ExchangeEntityApi.csproj", "{0CFD16A1-5C9A-4F5C-B8AE-5D30160FC4C4}"
EndProject
Project("{FAE04EC0-301F-11D3-BF4B-00C04F79EFBC}") = "ExchangeEntity", "ExchangeEntity\ExchangeEntity.csproj", "{38E6ECC4-E2DE-4E0B-BD74-50767182602C}"
EndProject
Project("{2150E333-8FDC-42A3-9474-1A3956D46DE8}") = "Service", "Service", "{90013BF3-DD59-43F2-B929-64EFF5C9A5AE}"
EndProject
Project("{FAE04EC0-301F-11D3-BF4B-00C04F79EFBC}") = "ExchangeServiceApi", "ExchangeServiceApi\ExchangeServiceApi.csproj", "{E4729C84-CFD7-45E5-B45E-3A0352D21FD3}"
EndProject
Project("{FAE04EC0-301F-11D3-BF4B-00C04F79EFBC}") = "ExchangeService", "ExchangeService\ExchangeService.csproj", "{9A2A98F0-5FFA-444D-B397-6C94C866E5DE}"
EndProject
Global
	GlobalSection(SolutionConfigurationPlatforms) = preSolution
		Debug|Any CPU = Debug|Any CPU
		Release|Any CPU = Release|Any CPU
	EndGlobalSection
	GlobalSection(ProjectConfigurationPlatforms) = postSolution
		{0C18A9E5-A820-46A2-B952-99ECC8983FE2}.Debug|Any CPU.ActiveCfg = Debug|Any CPU
		{0C18A9E5-A820-46A2-B952-99ECC8983FE2}.Debug|Any CPU.Build.0 = Debug|Any CPU
		{0C18A9E5-A820-46A2-B952-99ECC8983FE2}.Release|Any CPU.ActiveCfg = Debug|Any CPU
		{0C18A9E5-A820-46A2-B952-99ECC8983FE2}.Release|Any CPU.Build.0 = Debug|Any CPU
		{0CFD16A1-5C9A-4F5C-B8AE-5D30160FC4C4}.Debug|Any CPU.ActiveCfg = Debug|Any CPU
		{0CFD16A1-5C9A-4F5C-B8AE-5D30160FC4C4}.Debug|Any CPU.Build.0 = Debug|Any CPU
		{0CFD16A1-5C9A-4F5C-B8AE-5D30160FC4C4}.Release|Any CPU.ActiveCfg = Debug|Any CPU
		{0CFD16A1-5C9A-4F5C-B8AE-5D30160FC4C4}.Release|Any CPU.Build.0 = Debug|Any CPU
		{38E6ECC4-E2DE-4E0B-BD74-50767182602C}.Debug|Any CPU.ActiveCfg = Debug|Any CPU
		{38E6ECC4-E2DE-4E0B-BD74-50767182602C}.Debug|Any CPU.Build.0 = Debug|Any CPU
		{38E6ECC4-E2DE-4E0B-BD74-50767182602C}.Release|Any CPU.ActiveCfg = Debug|Any CPU
		{38E6ECC4-E2DE-4E0B-BD74-50767182602C}.Release|Any CPU.Build.0 = Debug|Any CPU
		{E4729C84-CFD7-45E5-B45E-3A0352D21FD3}.Debug|Any CPU.ActiveCfg = Debug|Any CPU
		{E4729C84-CFD7-45E5-B45E-3A0352D21FD3}.Debug|Any CPU.Build.0 = Debug|Any CPU
		{E4729C84-CFD7-45E5-B45E-3A0352D21FD3}.Release|Any CPU.ActiveCfg = Debug|Any CPU
		{E4729C84-CFD7-45E5-B45E-3A0352D21FD3}.Release|Any CPU.Build.0 = Debug|Any CPU
		{9A2A98F0-5FFA-444D-B397-6C94C866E5DE}.Debug|Any CPU.ActiveCfg = Debug|Any CPU
		{9A2A98F0-5FFA-444D-B397-6C94C866E5DE}.Debug|Any CPU.Build.0 = Debug|Any CPU
		{9A2A98F0-5FFA-444D-B397-6C94C866E5DE}.Release|Any CPU.ActiveCfg = Debug|Any CPU
		{9A2A98F0-5FFA-444D-B397-6C94C866E5DE}.Release|Any CPU.Build.0 = Debug|Any CPU
	EndGlobalSection
	GlobalSection(SolutionProperties) = preSolution
		HideSolutionNode = FALSE
	EndGlobalSection
	GlobalSection(NestedProjects) = preSolution
		{0CFD16A1-5C9A-4F5C-B8AE-5D30160FC4C4} = {9C1F096E-FCE2-4114-B1F5-8431DC2F2B87}
		{38E6ECC4-E2DE-4E0B-BD74-50767182602C} = {9C1F096E-FCE2-4114-B1F5-8431DC2F2B87}
		{E4729C84-CFD7-45E5-B45E-3A0352D21FD3} = {90013BF3-DD59-43F2-B929-64EFF5C9A5AE}
		{9A2A98F0-5FFA-444D-B397-6C94C866E5DE} = {90013BF3-DD59-43F2-B929-64EFF5C9A5AE}
	EndGlobalSection
	GlobalSection(ExtensibilityGlobals) = postSolution
		SolutionGuid = {2C4ACCDA-E78A-4416-A9BE-ECEC91A21927}
	EndGlobalSection
EndGlobal
